
Microsoft Visual Studio Solution File, Format Version 12.00
# Visual Studio Version 16
VisualStudioVersion = 16.0.30907.101
MinimumVisualStudioVersion = 10.0.40219.1
Project("{9A19103F-16F7-4668-BE54-9A1E7A4F7556}") = "Tievol", "Tievol\Tievol.csproj", "{BCFFCA07-4C84-4EAF-8268-E5A7D2C6AF99}"
EndProject
Global
	GlobalSection(SolutionConfigurationPlatforms) = preSolution
		Debug|Any CPU = Debug|Any CPU
		Release|Any CPU = Release|Any CPU
	EndGlobalSection
	GlobalSection(ProjectConfigurationPlatforms) = postSolution
		{BCFFCA07-4C84-4EAF-8268-E5A7D2C6AF99}.Debug|Any CPU.ActiveCfg = Debug|Any CPU
		{BCFFCA07-4C84-4EAF-8268-E5A7D2C6AF99}.Debug|Any CPU.Build.0 = Debug|Any CPU
		{BCFFCA07-4C84-4EAF-8268-E5A7D2C6AF99}.Release|Any CPU.ActiveCfg = Release|Any CPU
		{BCFFCA07-4C84-4EAF-8268-E5A7D2C6AF99}.Release|Any CPU.Build.0 = Release|Any CPU
	EndGlobalSection
	GlobalSection(SolutionProperties) = preSolution
		HideSolutionNode = FALSE
	EndGlobalSection
	GlobalSection(ExtensibilityGlobals) = postSolution
		SolutionGuid = {28DE6015-86A8-43ED-B9A1-9396DE661655}
	EndGlobalSection
EndGlobal
